
Microsoft Visual Studio Solution File, Format Version 12.00
# Visual Studio Version 16
VisualStudioVersion = 16.0.32228.343
MinimumVisualStudioVersion = 10.0.40219.1
Project("{FAE04EC0-301F-11D3-BF4B-00C04F79EFBC}") = "Sivan_Front.Web", "Sivan_Front.Web\Sivan_Front.Web.csproj", "{7104C3F3-6B6A-4D73-9654-A23414D93A5F}"
EndProject
Global
	GlobalSection(SolutionConfigurationPlatforms) = preSolution
		Debug|Any CPU = Debug|Any CPU
		Release|Any CPU = Release|Any CPU
	EndGlobalSection
	GlobalSection(ProjectConfigurationPlatforms) = postSolution
		{7104C3F3-6B6A-4D73-9654-A23414D93A5F}.Debug|Any CPU.ActiveCfg = Debug|Any CPU
		{7104C3F3-6B6A-4D73-9654-A23414D93A5F}.Debug|Any CPU.Build.0 = Debug|Any CPU
		{7104C3F3-6B6A-4D73-9654-A23414D93A5F}.Release|Any CPU.ActiveCfg = Release|Any CPU
		{7104C3F3-6B6A-4D73-9654-A23414D93A5F}.Release|Any CPU.Build.0 = Release|Any CPU
	EndGlobalSection
	GlobalSection(SolutionProperties) = preSolution
		HideSolutionNode = FALSE
	EndGlobalSection
	GlobalSection(ExtensibilityGlobals) = postSolution
		SolutionGuid = {ED8CE67C-B8AB-427B-8A39-D369A1E24414}
	EndGlobalSection
EndGlobal
